
Microsoft Visual Studio Solution File, Format Version 12.00
# Visual Studio 15
VisualStudioVersion = 15.0.26621.2
MinimumVisualStudioVersion = 10.0.40219.1
Project("{9A19103F-16F7-4668-BE54-9A1E7A4F7556}") = "Core4R", "Backend\Core4R\Core4R.csproj", "{B78A6255-8CFE-49A6-95B7-67ECDE36907B}"
EndProject
Project("{2150E333-8FDC-42A3-9474-1A3956D46DE8}") = "Shared", "Shared", "{3BB855D3-52D8-4B0E-A7A3-97CB35F27A9E}"
EndProject
Project("{FAE04EC0-301F-11D3-BF4B-00C04F79EFBC}") = "Core4R.Common", "Shared\Core4R.Common\Core4R.Common.csproj", "{32628AF9-F465-4A6E-BE85-BD361EA80301}"
EndProject
Project("{2150E333-8FDC-42A3-9474-1A3956D46DE8}") = "Backend", "Backend", "{B86F5C10-7BB1-45D7-952A-6194C21666FD}"
EndProject
Project("{2150E333-8FDC-42A3-9474-1A3956D46DE8}") = "FrontEnd", "FrontEnd", "{B849E41B-1642-4514-905D-309F9D743EC2}"
EndProject
Project("{FAE04EC0-301F-11D3-BF4B-00C04F79EFBC}") = "Core4R.App.React", "FrontEnd\Core4R.React\Core4R.App.React.csproj", "{8E189B3F-C260-468F-8663-E00F374489C2}"
EndProject
Project("{FAE04EC0-301F-11D3-BF4B-00C04F79EFBC}") = "Core4R.App.Angular", "FrontEnd\Core4R.App.Angular\Core4R.App.Angular.csproj", "{C0E47AE1-AC64-41A0-B197-857AB1F17BCD}"
EndProject
Project("{FAE04EC0-301F-11D3-BF4B-00C04F79EFBC}") = "Core4R.App.MVC", "FrontEnd\Core4R.App.MVC\Core4R.App.MVC.csproj", "{4F83FBAC-5371-4B56-A432-F5B95B91E1A4}"
EndProject
Project("{FAE04EC0-301F-11D3-BF4B-00C04F79EFBC}") = "Core4R.Data", "Core4R.Data\Core4R.Data.csproj", "{FACE4FE3-1842-4D48-886E-2FF6BAAEEA5C}"
EndProject
Project("{FAE04EC0-301F-11D3-BF4B-00C04F79EFBC}") = "Core4R.Model", "Core4R.Model\Core4R.Model.csproj", "{E7D83992-9BD1-42C7-8091-188955F2BC34}"
EndProject
Global
	GlobalSection(SolutionConfigurationPlatforms) = preSolution
		Debug|Any CPU = Debug|Any CPU
		Release|Any CPU = Release|Any CPU
	EndGlobalSection
	GlobalSection(ProjectConfigurationPlatforms) = postSolution
		{B78A6255-8CFE-49A6-95B7-67ECDE36907B}.Debug|Any CPU.ActiveCfg = Debug|Any CPU
		{B78A6255-8CFE-49A6-95B7-67ECDE36907B}.Debug|Any CPU.Build.0 = Debug|Any CPU
		{B78A6255-8CFE-49A6-95B7-67ECDE36907B}.Release|Any CPU.ActiveCfg = Release|Any CPU
		{B78A6255-8CFE-49A6-95B7-67ECDE36907B}.Release|Any CPU.Build.0 = Release|Any CPU
		{32628AF9-F465-4A6E-BE85-BD361EA80301}.Debug|Any CPU.ActiveCfg = Debug|Any CPU
		{32628AF9-F465-4A6E-BE85-BD361EA80301}.Debug|Any CPU.Build.0 = Debug|Any CPU
		{32628AF9-F465-4A6E-BE85-BD361EA80301}.Release|Any CPU.ActiveCfg = Release|Any CPU
		{32628AF9-F465-4A6E-BE85-BD361EA80301}.Release|Any CPU.Build.0 = Release|Any CPU
		{8E189B3F-C260-468F-8663-E00F374489C2}.Debug|Any CPU.ActiveCfg = Debug|Any CPU
		{8E189B3F-C260-468F-8663-E00F374489C2}.Debug|Any CPU.Build.0 = Debug|Any CPU
		{8E189B3F-C260-468F-8663-E00F374489C2}.Release|Any CPU.ActiveCfg = Release|Any CPU
		{8E189B3F-C260-468F-8663-E00F374489C2}.Release|Any CPU.Build.0 = Release|Any CPU
		{C0E47AE1-AC64-41A0-B197-857AB1F17BCD}.Debug|Any CPU.ActiveCfg = Debug|Any CPU
		{C0E47AE1-AC64-41A0-B197-857AB1F17BCD}.Debug|Any CPU.Build.0 = Debug|Any CPU
		{C0E47AE1-AC64-41A0-B197-857AB1F17BCD}.Release|Any CPU.ActiveCfg = Release|Any CPU
		{C0E47AE1-AC64-41A0-B197-857AB1F17BCD}.Release|Any CPU.Build.0 = Release|Any CPU
		{4F83FBAC-5371-4B56-A432-F5B95B91E1A4}.Debug|Any CPU.ActiveCfg = Debug|Any CPU
		{4F83FBAC-5371-4B56-A432-F5B95B91E1A4}.Debug|Any CPU.Build.0 = Debug|Any CPU
		{4F83FBAC-5371-4B56-A432-F5B95B91E1A4}.Release|Any CPU.ActiveCfg = Release|Any CPU
		{4F83FBAC-5371-4B56-A432-F5B95B91E1A4}.Release|Any CPU.Build.0 = Release|Any CPU
		{FACE4FE3-1842-4D48-886E-2FF6BAAEEA5C}.Debug|Any CPU.ActiveCfg = Debug|Any CPU
		{FACE4FE3-1842-4D48-886E-2FF6BAAEEA5C}.Debug|Any CPU.Build.0 = Debug|Any CPU
		{FACE4FE3-1842-4D48-886E-2FF6BAAEEA5C}.Release|Any CPU.ActiveCfg = Release|Any CPU
		{FACE4FE3-1842-4D48-886E-2FF6BAAEEA5C}.Release|Any CPU.Build.0 = Release|Any CPU
		{E7D83992-9BD1-42C7-8091-188955F2BC34}.Debug|Any CPU.ActiveCfg = Debug|Any CPU
		{E7D83992-9BD1-42C7-8091-188955F2BC34}.Debug|Any CPU.Build.0 = Debug|Any CPU
		{E7D83992-9BD1-42C7-8091-188955F2BC34}.Release|Any CPU.ActiveCfg = Release|Any CPU
		{E7D83992-9BD1-42C7-8091-188955F2BC34}.Release|Any CPU.Build.0 = Release|Any CPU
	EndGlobalSection
	GlobalSection(SolutionProperties) = preSolution
		HideSolutionNode = FALSE
	EndGlobalSection
	GlobalSection(NestedProjects) = preSolution
		{32628AF9-F465-4A6E-BE85-BD361EA80301} = {3BB855D3-52D8-4B0E-A7A3-97CB35F27A9E}
		{8E189B3F-C260-468F-8663-E00F374489C2} = {B849E41B-1642-4514-905D-309F9D743EC2}
		{C0E47AE1-AC64-41A0-B197-857AB1F17BCD} = {B849E41B-1642-4514-905D-309F9D743EC2}
		{4F83FBAC-5371-4B56-A432-F5B95B91E1A4} = {B849E41B-1642-4514-905D-309F9D743EC2}
		{FACE4FE3-1842-4D48-886E-2FF6BAAEEA5C} = {B86F5C10-7BB1-45D7-952A-6194C21666FD}
		{E7D83992-9BD1-42C7-8091-188955F2BC34} = {B86F5C10-7BB1-45D7-952A-6194C21666FD}
	EndGlobalSection
	GlobalSection(ExtensibilityGlobals) = postSolution
		SolutionGuid = {E4BB4714-8D5E-474A-A3BA-657EE01A5F0D}
	EndGlobalSection
EndGlobal
