
Microsoft Visual Studio Solution File, Format Version 12.00
# Visual Studio 15
VisualStudioVersion = 15.0.26621.2
MinimumVisualStudioVersion = 10.0.40219.1
Project("{FAE04EC0-301F-11D3-BF4B-00C04F79EFBC}") = "Core4R", "Backend\Core4R\Core4R.csproj", "{B78A6255-8CFE-49A6-95B7-67ECDE36907B}"
EndProject
Global
	GlobalSection(SolutionConfigurationPlatforms) = preSolution
		Debug|Any CPU = Debug|Any CPU
		Release|Any CPU = Release|Any CPU
	EndGlobalSection
	GlobalSection(ProjectConfigurationPlatforms) = postSolution
		{B78A6255-8CFE-49A6-95B7-67ECDE36907B}.Debug|Any CPU.ActiveCfg = Debug|Any CPU
		{B78A6255-8CFE-49A6-95B7-67ECDE36907B}.Debug|Any CPU.Build.0 = Debug|Any CPU
		{B78A6255-8CFE-49A6-95B7-67ECDE36907B}.Release|Any CPU.ActiveCfg = Release|Any CPU
		{B78A6255-8CFE-49A6-95B7-67ECDE36907B}.Release|Any CPU.Build.0 = Release|Any CPU
	EndGlobalSection
	GlobalSection(SolutionProperties) = preSolution
		HideSolutionNode = FALSE
	EndGlobalSection
	GlobalSection(ExtensibilityGlobals) = postSolution
		SolutionGuid = {E4BB4714-8D5E-474A-A3BA-657EE01A5F0D}
	EndGlobalSection
EndGlobal
